<Solution>
  <Folder Name="/src/">
    <Project Path="src/PlaylistGenerator.Cli/PlaylistGenerator.Cli.csproj" />
    <Project Path="src/PlaylistGenerator.CommandLine/PlaylistGenerator.CommandLine.csproj" />
    <Project Path="src/PlaylistGenerator.Core/PlaylistGenerator.Core.csproj" />
    <Project Path="src/PlaylistGenerator.Desktop/PlaylistGenerator.Desktop.csproj" />
    <Project Path="src/PlaylistGenerator.Presentation/PlaylistGenerator.Presentation.csproj" />
  </Folder>
  <Folder Name="/tests/">
    <Project Path="tests/PlaylistGenerator.Tests/PlaylistGenerator.Tests.csproj" />
  </Folder>
</Solution>
